// !$*UTF8*$!
{
	archiveVersion = 1;
	classes = {
	};
	objectVersion = 54;
	objects = {

/* Begin PBXBuildFile section */
		D20E484627A938460010C27B /* AppDelegate.swift in Sources */ = {isa = PBXBuildFile; fileRef = D20E484527A938460010C27B /* AppDelegate.swift */; };
		D20E484827A938460010C27B /* SceneDelegate.swift in Sources */ = {isa = PBXBuildFile; fileRef = D20E484727A938460010C27B /* SceneDelegate.swift */; };
		D20E484A27A938460010C27B /* MainViewController.swift in Sources */ = {isa = PBXBuildFile; fileRef = D20E484927A938460010C27B /* MainViewController.swift */; };
		D20E484F27A938470010C27B /* Assets.xcassets in Resources */ = {isa = PBXBuildFile; fileRef = D20E484E27A938470010C27B /* Assets.xcassets */; };
		D20E485227A938470010C27B /* LaunchScreen.storyboard in Resources */ = {isa = PBXBuildFile; fileRef = D20E485027A938470010C27B /* LaunchScreen.storyboard */; };
		D22A553627AAA2540001121E /* Router.swift in Sources */ = {isa = PBXBuildFile; fileRef = D22A553527AAA2540001121E /* Router.swift */; };
		D22A553827AAD7CA0001121E /* DetailInfoViewModel.swift in Sources */ = {isa = PBXBuildFile; fileRef = D22A553727AAD7CA0001121E /* DetailInfoViewModel.swift */; };
		D22E3E7927B95F1D000E38F6 /* RouterProtocol.swift in Sources */ = {isa = PBXBuildFile; fileRef = D22E3E7827B95F1D000E38F6 /* RouterProtocol.swift */; };
		D22E3E7B27B96013000E38F6 /* AssemblyModuleBuilderProtocol.swift in Sources */ = {isa = PBXBuildFile; fileRef = D22E3E7A27B96013000E38F6 /* AssemblyModuleBuilderProtocol.swift */; };
		D251169B27BBD9180051FBFD /* DetailInfoViewController.swift in Sources */ = {isa = PBXBuildFile; fileRef = D251169A27BBD9180051FBFD /* DetailInfoViewController.swift */; };
		D251169D27BBD9370051FBFD /* DetailInfoPresenter.swift in Sources */ = {isa = PBXBuildFile; fileRef = D251169C27BBD9370051FBFD /* DetailInfoPresenter.swift */; };
		D25116F027BC13FB0051FBFD /* AlertService.swift in Sources */ = {isa = PBXBuildFile; fileRef = D25116EF27BC13FB0051FBFD /* AlertService.swift */; };
		D263891B27A94B69009A4993 /* Kingfisher in Frameworks */ = {isa = PBXBuildFile; productRef = D263891A27A94B69009A4993 /* Kingfisher */; };
		D263892327A95214009A4993 /* NetworkServiceProtocol.swift in Sources */ = {isa = PBXBuildFile; fileRef = D263892227A95214009A4993 /* NetworkServiceProtocol.swift */; };
		D263892527A95228009A4993 /* NetworkService.swift in Sources */ = {isa = PBXBuildFile; fileRef = D263892427A95228009A4993 /* NetworkService.swift */; };
		D263892727A95254009A4993 /* AssemblyModuleBuilder.swift in Sources */ = {isa = PBXBuildFile; fileRef = D263892627A95254009A4993 /* AssemblyModuleBuilder.swift */; };
		D263893327A9537C009A4993 /* MainViewProtocol.swift in Sources */ = {isa = PBXBuildFile; fileRef = D263893227A9537C009A4993 /* MainViewProtocol.swift */; };
		D263893527A9539F009A4993 /* MainPresenterProtocol.swift in Sources */ = {isa = PBXBuildFile; fileRef = D263893427A9539F009A4993 /* MainPresenterProtocol.swift */; };
		D263893727A953CE009A4993 /* CuratedPhotoDTO.swift in Sources */ = {isa = PBXBuildFile; fileRef = D263893627A953CE009A4993 /* CuratedPhotoDTO.swift */; };
		D263893A27A95414009A4993 /* MainCell.swift in Sources */ = {isa = PBXBuildFile; fileRef = D263893927A95414009A4993 /* MainCell.swift */; };
		D263893C27A9542C009A4993 /* MainPresenter.swift in Sources */ = {isa = PBXBuildFile; fileRef = D263893B27A9542C009A4993 /* MainPresenter.swift */; };
		D263893E27A95460009A4993 /* MainEndpoint.swift in Sources */ = {isa = PBXBuildFile; fileRef = D263893D27A95460009A4993 /* MainEndpoint.swift */; };
		D263894027A95501009A4993 /* DetailInfoViewProtocol.swift in Sources */ = {isa = PBXBuildFile; fileRef = D263893F27A95501009A4993 /* DetailInfoViewProtocol.swift */; };
		D263894227A9550F009A4993 /* DetailInfoPresenterProtocol.swift in Sources */ = {isa = PBXBuildFile; fileRef = D263894127A9550F009A4993 /* DetailInfoPresenterProtocol.swift */; };
		D263894D27A955D3009A4993 /* CuraredPhotosViewModel.swift in Sources */ = {isa = PBXBuildFile; fileRef = D263894C27A955D3009A4993 /* CuraredPhotosViewModel.swift */; };
		D2A1CA1327BC1AC3003099F7 /* EndpointProtocol.swift in Sources */ = {isa = PBXBuildFile; fileRef = D2A1CA1227BC1AC3003099F7 /* EndpointProtocol.swift */; };
		D2A1CA1527BC1BB5003099F7 /* RequestMethod.swift in Sources */ = {isa = PBXBuildFile; fileRef = D2A1CA1427BC1BB5003099F7 /* RequestMethod.swift */; };
/* End PBXBuildFile section */

/* Begin PBXFileReference section */
		D20E484227A938460010C27B /* wallpapeApp.app */ = {isa = PBXFileReference; explicitFileType = wrapper.application; includeInIndex = 0; path = wallpapeApp.app; sourceTree = BUILT_PRODUCTS_DIR; };
		D20E484527A938460010C27B /* AppDelegate.swift */ = {isa = PBXFileReference; lastKnownFileType = sourcecode.swift; path = AppDelegate.swift; sourceTree = "<group>"; };
		D20E484727A938460010C27B /* SceneDelegate.swift */ = {isa = PBXFileReference; lastKnownFileType = sourcecode.swift; path = SceneDelegate.swift; sourceTree = "<group>"; };
		D20E484927A938460010C27B /* MainViewController.swift */ = {isa = PBXFileReference; lastKnownFileType = sourcecode.swift; path = MainViewController.swift; sourceTree = "<group>"; };
		D20E484E27A938470010C27B /* Assets.xcassets */ = {isa = PBXFileReference; lastKnownFileType = folder.assetcatalog; path = Assets.xcassets; sourceTree = "<group>"; };
		D20E485127A938470010C27B /* Base */ = {isa = PBXFileReference; lastKnownFileType = file.storyboard; name = Base; path = Base.lproj/LaunchScreen.storyboard; sourceTree = "<group>"; };
		D20E485327A938470010C27B /* Info.plist */ = {isa = PBXFileReference; lastKnownFileType = text.plist.xml; path = Info.plist; sourceTree = "<group>"; };
		D22A553527AAA2540001121E /* Router.swift */ = {isa = PBXFileReference; lastKnownFileType = sourcecode.swift; path = Router.swift; sourceTree = "<group>"; };
		D22A553727AAD7CA0001121E /* DetailInfoViewModel.swift */ = {isa = PBXFileReference; lastKnownFileType = sourcecode.swift; path = DetailInfoViewModel.swift; sourceTree = "<group>"; };
		D22E3E7827B95F1D000E38F6 /* RouterProtocol.swift */ = {isa = PBXFileReference; lastKnownFileType = sourcecode.swift; path = RouterProtocol.swift; sourceTree = "<group>"; };
		D22E3E7A27B96013000E38F6 /* AssemblyModuleBuilderProtocol.swift */ = {isa = PBXFileReference; lastKnownFileType = sourcecode.swift; path = AssemblyModuleBuilderProtocol.swift; sourceTree = "<group>"; };
		D251169A27BBD9180051FBFD /* DetailInfoViewController.swift */ = {isa = PBXFileReference; lastKnownFileType = sourcecode.swift; path = DetailInfoViewController.swift; sourceTree = "<group>"; };
		D251169C27BBD9370051FBFD /* DetailInfoPresenter.swift */ = {isa = PBXFileReference; lastKnownFileType = sourcecode.swift; path = DetailInfoPresenter.swift; sourceTree = "<group>"; };
		D25116EF27BC13FB0051FBFD /* AlertService.swift */ = {isa = PBXFileReference; lastKnownFileType = sourcecode.swift; path = AlertService.swift; sourceTree = "<group>"; };
		D263892227A95214009A4993 /* NetworkServiceProtocol.swift */ = {isa = PBXFileReference; lastKnownFileType = sourcecode.swift; path = NetworkServiceProtocol.swift; sourceTree = "<group>"; };
		D263892427A95228009A4993 /* NetworkService.swift */ = {isa = PBXFileReference; lastKnownFileType = sourcecode.swift; path = NetworkService.swift; sourceTree = "<group>"; };
		D263892627A95254009A4993 /* AssemblyModuleBuilder.swift */ = {isa = PBXFileReference; lastKnownFileType = sourcecode.swift; path = AssemblyModuleBuilder.swift; sourceTree = "<group>"; };
		D263893227A9537C009A4993 /* MainViewProtocol.swift */ = {isa = PBXFileReference; lastKnownFileType = sourcecode.swift; path = MainViewProtocol.swift; sourceTree = "<group>"; };
		D263893427A9539F009A4993 /* MainPresenterProtocol.swift */ = {isa = PBXFileReference; lastKnownFileType = sourcecode.swift; path = MainPresenterProtocol.swift; sourceTree = "<group>"; };
		D263893627A953CE009A4993 /* CuratedPhotoDTO.swift */ = {isa = PBXFileReference; lastKnownFileType = sourcecode.swift; path = CuratedPhotoDTO.swift; sourceTree = "<group>"; };
		D263893927A95414009A4993 /* MainCell.swift */ = {isa = PBXFileReference; lastKnownFileType = sourcecode.swift; path = MainCell.swift; sourceTree = "<group>"; };
		D263893B27A9542C009A4993 /* MainPresenter.swift */ = {isa = PBXFileReference; lastKnownFileType = sourcecode.swift; path = MainPresenter.swift; sourceTree = "<group>"; };
		D263893D27A95460009A4993 /* MainEndpoint.swift */ = {isa = PBXFileReference; lastKnownFileType = sourcecode.swift; path = MainEndpoint.swift; sourceTree = "<group>"; };
		D263893F27A95501009A4993 /* DetailInfoViewProtocol.swift */ = {isa = PBXFileReference; lastKnownFileType = sourcecode.swift; path = DetailInfoViewProtocol.swift; sourceTree = "<group>"; };
		D263894127A9550F009A4993 /* DetailInfoPresenterProtocol.swift */ = {isa = PBXFileReference; lastKnownFileType = sourcecode.swift; path = DetailInfoPresenterProtocol.swift; sourceTree = "<group>"; };
		D263894C27A955D3009A4993 /* CuraredPhotosViewModel.swift */ = {isa = PBXFileReference; lastKnownFileType = sourcecode.swift; path = CuraredPhotosViewModel.swift; sourceTree = "<group>"; };
		D2A1CA1227BC1AC3003099F7 /* EndpointProtocol.swift */ = {isa = PBXFileReference; lastKnownFileType = sourcecode.swift; path = EndpointProtocol.swift; sourceTree = "<group>"; };
		D2A1CA1427BC1BB5003099F7 /* RequestMethod.swift */ = {isa = PBXFileReference; lastKnownFileType = sourcecode.swift; path = RequestMethod.swift; sourceTree = "<group>"; };
/* End PBXFileReference section */

/* Begin PBXFrameworksBuildPhase section */
		D20E483F27A938460010C27B /* Frameworks */ = {
			isa = PBXFrameworksBuildPhase;
			buildActionMask = 2147483647;
			files = (
				D263891B27A94B69009A4993 /* Kingfisher in Frameworks */,
			);
			runOnlyForDeploymentPostprocessing = 0;
		};
/* End PBXFrameworksBuildPhase section */

/* Begin PBXGroup section */
		D20E483927A938460010C27B = {
			isa = PBXGroup;
			children = (
				D20E484427A938460010C27B /* wallpapeApp */,
				D20E484327A938460010C27B /* Products */,
			);
			sourceTree = "<group>";
		};
		D20E484327A938460010C27B /* Products */ = {
			isa = PBXGroup;
			children = (
				D20E484227A938460010C27B /* wallpapeApp.app */,
			);
			name = Products;
			sourceTree = "<group>";
		};
		D20E484427A938460010C27B /* wallpapeApp */ = {
			isa = PBXGroup;
			children = (
				D263891F27A951AC009A4993 /* ModuleBuilder */,
				D263891E27A951A1009A4993 /* Modules */,
				D263891D27A95194009A4993 /* Services */,
				D263891C27A95181009A4993 /* Application */,
				D20E485327A938470010C27B /* Info.plist */,
			);
			path = wallpapeApp;
			sourceTree = "<group>";
		};
		D25116EE27BC13EC0051FBFD /* AlertService */ = {
			isa = PBXGroup;
			children = (
				D25116EF27BC13FB0051FBFD /* AlertService.swift */,
			);
			path = AlertService;
			sourceTree = "<group>";
		};
		D263891C27A95181009A4993 /* Application */ = {
			isa = PBXGroup;
			children = (
				D20E484527A938460010C27B /* AppDelegate.swift */,
				D20E484727A938460010C27B /* SceneDelegate.swift */,
				D20E485027A938470010C27B /* LaunchScreen.storyboard */,
				D20E484E27A938470010C27B /* Assets.xcassets */,
			);
			path = Application;
			sourceTree = "<group>";
		};
		D263891D27A95194009A4993 /* Services */ = {
			isa = PBXGroup;
			children = (
				D25116EE27BC13EC0051FBFD /* AlertService */,
				D263892027A951D7009A4993 /* NetworkService */,
			);
			path = Services;
			sourceTree = "<group>";
		};
		D263891E27A951A1009A4993 /* Modules */ = {
			isa = PBXGroup;
			children = (
				D263892827A952E9009A4993 /* Main */,
				D263892D27A9531D009A4993 /* DetailInfo */,
			);
			path = Modules;
			sourceTree = "<group>";
		};
		D263891F27A951AC009A4993 /* ModuleBuilder */ = {
			isa = PBXGroup;
			children = (
				D22A553527AAA2540001121E /* Router.swift */,
				D22E3E7827B95F1D000E38F6 /* RouterProtocol.swift */,
				D263892627A95254009A4993 /* AssemblyModuleBuilder.swift */,
				D22E3E7A27B96013000E38F6 /* AssemblyModuleBuilderProtocol.swift */,
			);
			path = ModuleBuilder;
			sourceTree = "<group>";
		};
		D263892027A951D7009A4993 /* NetworkService */ = {
			isa = PBXGroup;
			children = (
				D263892227A95214009A4993 /* NetworkServiceProtocol.swift */,
				D263892427A95228009A4993 /* NetworkService.swift */,
				D2A1CA1227BC1AC3003099F7 /* EndpointProtocol.swift */,
				D2A1CA1427BC1BB5003099F7 /* RequestMethod.swift */,
			);
			path = NetworkService;
			sourceTree = "<group>";
		};
		D263892827A952E9009A4993 /* Main */ = {
			isa = PBXGroup;
			children = (
				D263892B27A95304009A4993 /* Model */,
				D263892A27A952FD009A4993 /* Views */,
				D263892C27A9530D009A4993 /* Protocols */,
				D20E484927A938460010C27B /* MainViewController.swift */,
				D263893B27A9542C009A4993 /* MainPresenter.swift */,
				D263893D27A95460009A4993 /* MainEndpoint.swift */,
			);
			path = Main;
			sourceTree = "<group>";
		};
		D263892A27A952FD009A4993 /* Views */ = {
			isa = PBXGroup;
			children = (
				D263893927A95414009A4993 /* MainCell.swift */,
			);
			path = Views;
			sourceTree = "<group>";
		};
		D263892B27A95304009A4993 /* Model */ = {
			isa = PBXGroup;
			children = (
				D263893627A953CE009A4993 /* CuratedPhotoDTO.swift */,
				D263894C27A955D3009A4993 /* CuraredPhotosViewModel.swift */,
			);
			path = Model;
			sourceTree = "<group>";
		};
		D263892C27A9530D009A4993 /* Protocols */ = {
			isa = PBXGroup;
			children = (
				D263893227A9537C009A4993 /* MainViewProtocol.swift */,
				D263893427A9539F009A4993 /* MainPresenterProtocol.swift */,
			);
			path = Protocols;
			sourceTree = "<group>";
		};
		D263892D27A9531D009A4993 /* DetailInfo */ = {
			isa = PBXGroup;
			children = (
				D263893127A9534B009A4993 /* Protocols */,
				D22A553727AAD7CA0001121E /* DetailInfoViewModel.swift */,
				D251169A27BBD9180051FBFD /* DetailInfoViewController.swift */,
				D251169C27BBD9370051FBFD /* DetailInfoPresenter.swift */,
			);
			path = DetailInfo;
			sourceTree = "<group>";
		};
		D263893127A9534B009A4993 /* Protocols */ = {
			isa = PBXGroup;
			children = (
				D263893F27A95501009A4993 /* DetailInfoViewProtocol.swift */,
				D263894127A9550F009A4993 /* DetailInfoPresenterProtocol.swift */,
			);
			path = Protocols;
			sourceTree = "<group>";
		};
/* End PBXGroup section */

/* Begin PBXNativeTarget section */
		D20E484127A938460010C27B /* wallpapeApp */ = {
			isa = PBXNativeTarget;
			buildConfigurationList = D20E485627A938470010C27B /* Build configuration list for PBXNativeTarget "wallpapeApp" */;
			buildPhases = (
				D20E483E27A938460010C27B /* Sources */,
				D20E483F27A938460010C27B /* Frameworks */,
				D20E484027A938460010C27B /* Resources */,
			);
			buildRules = (
			);
			dependencies = (
			);
			name = wallpapeApp;
			packageProductDependencies = (
				D263891A27A94B69009A4993 /* Kingfisher */,
			);
			productName = wallpapeApp;
			productReference = D20E484227A938460010C27B /* wallpapeApp.app */;
			productType = "com.apple.product-type.application";
		};
/* End PBXNativeTarget section */

/* Begin PBXProject section */
		D20E483A27A938460010C27B /* Project object */ = {
			isa = PBXProject;
			attributes = {
				BuildIndependentTargetsInParallel = 1;
				LastSwiftUpdateCheck = 1320;
				LastUpgradeCheck = 1320;
				TargetAttributes = {
					D20E484127A938460010C27B = {
						CreatedOnToolsVersion = 13.2;
					};
				};
			};
			buildConfigurationList = D20E483D27A938460010C27B /* Build configuration list for PBXProject "wallpapeApp" */;
			compatibilityVersion = "Xcode 12.0";
			developmentRegion = en;
			hasScannedForEncodings = 0;
			knownRegions = (
				en,
				Base,
			);
			mainGroup = D20E483927A938460010C27B;
			packageReferences = (
				D263891927A94B69009A4993 /* XCRemoteSwiftPackageReference "Kingfisher" */,
			);
			productRefGroup = D20E484327A938460010C27B /* Products */;
			projectDirPath = "";
			projectRoot = "";
			targets = (
				D20E484127A938460010C27B /* wallpapeApp */,
			);
		};
/* End PBXProject section */

/* Begin PBXResourcesBuildPhase section */
		D20E484027A938460010C27B /* Resources */ = {
			isa = PBXResourcesBuildPhase;
			buildActionMask = 2147483647;
			files = (
				D20E485227A938470010C27B /* LaunchScreen.storyboard in Resources */,
				D20E484F27A938470010C27B /* Assets.xcassets in Resources */,
			);
			runOnlyForDeploymentPostprocessing = 0;
		};
/* End PBXResourcesBuildPhase section */

/* Begin PBXSourcesBuildPhase section */
		D20E483E27A938460010C27B /* Sources */ = {
			isa = PBXSourcesBuildPhase;
			buildActionMask = 2147483647;
			files = (
				D251169D27BBD9370051FBFD /* DetailInfoPresenter.swift in Sources */,
				D251169B27BBD9180051FBFD /* DetailInfoViewController.swift in Sources */,
				D263893727A953CE009A4993 /* CuratedPhotoDTO.swift in Sources */,
				D22E3E7B27B96013000E38F6 /* AssemblyModuleBuilderProtocol.swift in Sources */,
				D263893327A9537C009A4993 /* MainViewProtocol.swift in Sources */,
				D22A553827AAD7CA0001121E /* DetailInfoViewModel.swift in Sources */,
				D263894027A95501009A4993 /* DetailInfoViewProtocol.swift in Sources */,
				D263892527A95228009A4993 /* NetworkService.swift in Sources */,
				D263892327A95214009A4993 /* NetworkServiceProtocol.swift in Sources */,
				D2A1CA1327BC1AC3003099F7 /* EndpointProtocol.swift in Sources */,
				D22A553627AAA2540001121E /* Router.swift in Sources */,
				D263893A27A95414009A4993 /* MainCell.swift in Sources */,
				D20E484A27A938460010C27B /* MainViewController.swift in Sources */,
				D22E3E7927B95F1D000E38F6 /* RouterProtocol.swift in Sources */,
				D20E484627A938460010C27B /* AppDelegate.swift in Sources */,
				D263893527A9539F009A4993 /* MainPresenterProtocol.swift in Sources */,
				D2A1CA1527BC1BB5003099F7 /* RequestMethod.swift in Sources */,
				D263893C27A9542C009A4993 /* MainPresenter.swift in Sources */,
				D20E484827A938460010C27B /* SceneDelegate.swift in Sources */,
				D263894D27A955D3009A4993 /* CuraredPhotosViewModel.swift in Sources */,
				D263893E27A95460009A4993 /* MainEndpoint.swift in Sources */,
				D263892727A95254009A4993 /* AssemblyModuleBuilder.swift in Sources */,
				D25116F027BC13FB0051FBFD /* AlertService.swift in Sources */,
				D263894227A9550F009A4993 /* DetailInfoPresenterProtocol.swift in Sources */,
			);
			runOnlyForDeploymentPostprocessing = 0;
		};
/* End PBXSourcesBuildPhase section */

/* Begin PBXVariantGroup section */
		D20E485027A938470010C27B /* LaunchScreen.storyboard */ = {
			isa = PBXVariantGroup;
			children = (
				D20E485127A938470010C27B /* Base */,
			);
			name = LaunchScreen.storyboard;
			sourceTree = "<group>";
		};
/* End PBXVariantGroup section */

/* Begin XCBuildConfiguration section */
		D20E485427A938470010C27B /* Debug */ = {
			isa = XCBuildConfiguration;
			buildSettings = {
				ALWAYS_SEARCH_USER_PATHS = NO;
				CLANG_ANALYZER_NONNULL = YES;
				CLANG_ANALYZER_NUMBER_OBJECT_CONVERSION = YES_AGGRESSIVE;
				CLANG_CXX_LANGUAGE_STANDARD = "gnu++17";
				CLANG_CXX_LIBRARY = "libc++";
				CLANG_ENABLE_MODULES = YES;
				CLANG_ENABLE_OBJC_ARC = YES;
				CLANG_ENABLE_OBJC_WEAK = YES;
				CLANG_WARN_BLOCK_CAPTURE_AUTORELEASING = YES;
				CLANG_WARN_BOOL_CONVERSION = YES;
				CLANG_WARN_COMMA = YES;
				CLANG_WARN_CONSTANT_CONVERSION = YES;
				CLANG_WARN_DEPRECATED_OBJC_IMPLEMENTATIONS = YES;
				CLANG_WARN_DIRECT_OBJC_ISA_USAGE = YES_ERROR;
				CLANG_WARN_DOCUMENTATION_COMMENTS = YES;
				CLANG_WARN_EMPTY_BODY = YES;
				CLANG_WARN_ENUM_CONVERSION = YES;
				CLANG_WARN_INFINITE_RECURSION = YES;
				CLANG_WARN_INT_CONVERSION = YES;
				CLANG_WARN_NON_LITERAL_NULL_CONVERSION = YES;
				CLANG_WARN_OBJC_IMPLICIT_RETAIN_SELF = YES;
				CLANG_WARN_OBJC_LITERAL_CONVERSION = YES;
				CLANG_WARN_OBJC_ROOT_CLASS = YES_ERROR;
				CLANG_WARN_QUOTED_INCLUDE_IN_FRAMEWORK_HEADER = YES;
				CLANG_WARN_RANGE_LOOP_ANALYSIS = YES;
				CLANG_WARN_STRICT_PROTOTYPES = YES;
				CLANG_WARN_SUSPICIOUS_MOVE = YES;
				CLANG_WARN_UNGUARDED_AVAILABILITY = YES_AGGRESSIVE;
				CLANG_WARN_UNREACHABLE_CODE = YES;
				CLANG_WARN__DUPLICATE_METHOD_MATCH = YES;
				COPY_PHASE_STRIP = NO;
				DEBUG_INFORMATION_FORMAT = dwarf;
				ENABLE_STRICT_OBJC_MSGSEND = YES;
				ENABLE_TESTABILITY = YES;
				GCC_C_LANGUAGE_STANDARD = gnu11;
				GCC_DYNAMIC_NO_PIC = NO;
				GCC_NO_COMMON_BLOCKS = YES;
				GCC_OPTIMIZATION_LEVEL = 0;
				GCC_PREPROCESSOR_DEFINITIONS = (
					"DEBUG=1",
					"$(inherited)",
				);
				GCC_WARN_64_TO_32_BIT_CONVERSION = YES;
				GCC_WARN_ABOUT_RETURN_TYPE = YES_ERROR;
				GCC_WARN_UNDECLARED_SELECTOR = YES;
				GCC_WARN_UNINITIALIZED_AUTOS = YES_AGGRESSIVE;
				GCC_WARN_UNUSED_FUNCTION = YES;
				GCC_WARN_UNUSED_VARIABLE = YES;
				IPHONEOS_DEPLOYMENT_TARGET = 14.5;
				MTL_ENABLE_DEBUG_INFO = INCLUDE_SOURCE;
				MTL_FAST_MATH = YES;
				ONLY_ACTIVE_ARCH = YES;
				SDKROOT = iphoneos;
				SWIFT_ACTIVE_COMPILATION_CONDITIONS = DEBUG;
				SWIFT_OPTIMIZATION_LEVEL = "-Onone";
			};
			name = Debug;
		};
		D20E485527A938470010C27B /* Release */ = {
			isa = XCBuildConfiguration;
			buildSettings = {
				ALWAYS_SEARCH_USER_PATHS = NO;
				CLANG_ANALYZER_NONNULL = YES;
				CLANG_ANALYZER_NUMBER_OBJECT_CONVERSION = YES_AGGRESSIVE;
				CLANG_CXX_LANGUAGE_STANDARD = "gnu++17";
				CLANG_CXX_LIBRARY = "libc++";
				CLANG_ENABLE_MODULES = YES;
				CLANG_ENABLE_OBJC_ARC = YES;
				CLANG_ENABLE_OBJC_WEAK = YES;
				CLANG_WARN_BLOCK_CAPTURE_AUTORELEASING = YES;
				CLANG_WARN_BOOL_CONVERSION = YES;
				CLANG_WARN_COMMA = YES;
				CLANG_WARN_CONSTANT_CONVERSION = YES;
				CLANG_WARN_DEPRECATED_OBJC_IMPLEMENTATIONS = YES;
				CLANG_WARN_DIRECT_OBJC_ISA_USAGE = YES_ERROR;
				CLANG_WARN_DOCUMENTATION_COMMENTS = YES;
				CLANG_WARN_EMPTY_BODY = YES;
				CLANG_WARN_ENUM_CONVERSION = YES;
				CLANG_WARN_INFINITE_RECURSION = YES;
				CLANG_WARN_INT_CONVERSION = YES;
				CLANG_WARN_NON_LITERAL_NULL_CONVERSION = YES;
				CLANG_WARN_OBJC_IMPLICIT_RETAIN_SELF = YES;
				CLANG_WARN_OBJC_LITERAL_CONVERSION = YES;
				CLANG_WARN_OBJC_ROOT_CLASS = YES_ERROR;
				CLANG_WARN_QUOTED_INCLUDE_IN_FRAMEWORK_HEADER = YES;
				CLANG_WARN_RANGE_LOOP_ANALYSIS = YES;
				CLANG_WARN_STRICT_PROTOTYPES = YES;
				CLANG_WARN_SUSPICIOUS_MOVE = YES;
				CLANG_WARN_UNGUARDED_AVAILABILITY = YES_AGGRESSIVE;
				CLANG_WARN_UNREACHABLE_CODE = YES;
				CLANG_WARN__DUPLICATE_METHOD_MATCH = YES;
				COPY_PHASE_STRIP = NO;
				DEBUG_INFORMATION_FORMAT = "dwarf-with-dsym";
				ENABLE_NS_ASSERTIONS = NO;
				ENABLE_STRICT_OBJC_MSGSEND = YES;
				GCC_C_LANGUAGE_STANDARD = gnu11;
				GCC_NO_COMMON_BLOCKS = YES;
				GCC_WARN_64_TO_32_BIT_CONVERSION = YES;
				GCC_WARN_ABOUT_RETURN_TYPE = YES_ERROR;
				GCC_WARN_UNDECLARED_SELECTOR = YES;
				GCC_WARN_UNINITIALIZED_AUTOS = YES_AGGRESSIVE;
				GCC_WARN_UNUSED_FUNCTION = YES;
				GCC_WARN_UNUSED_VARIABLE = YES;
				IPHONEOS_DEPLOYMENT_TARGET = 14.5;
				MTL_ENABLE_DEBUG_INFO = NO;
				MTL_FAST_MATH = YES;
				SDKROOT = iphoneos;
				SWIFT_COMPILATION_MODE = wholemodule;
				SWIFT_OPTIMIZATION_LEVEL = "-O";
				VALIDATE_PRODUCT = YES;
			};
			name = Release;
		};
		D20E485727A938470010C27B /* Debug */ = {
			isa = XCBuildConfiguration;
			buildSettings = {
				ASSETCATALOG_COMPILER_APPICON_NAME = AppIcon;
				ASSETCATALOG_COMPILER_GLOBAL_ACCENT_COLOR_NAME = AccentColor;
				CODE_SIGN_STYLE = Automatic;
				CURRENT_PROJECT_VERSION = 1;
				DEVELOPMENT_TEAM = D4535ALUAL;
				GENERATE_INFOPLIST_FILE = YES;
				INFOPLIST_FILE = wallpapeApp/Info.plist;
				INFOPLIST_KEY_CFBundleDisplayName = Wallpaper;
				INFOPLIST_KEY_NSPhotoLibraryAddUsageDescription = "App requeres permission to your photo library";
				INFOPLIST_KEY_NSPhotoLibraryUsageDescription = "App requeres permission to your photo library";
				INFOPLIST_KEY_UIApplicationSupportsIndirectInputEvents = YES;
				INFOPLIST_KEY_UILaunchStoryboardName = LaunchScreen;
				INFOPLIST_KEY_UISupportedInterfaceOrientations_iPad = "UIInterfaceOrientationPortrait UIInterfaceOrientationPortraitUpsideDown UIInterfaceOrientationLandscapeLeft UIInterfaceOrientationLandscapeRight";
				INFOPLIST_KEY_UISupportedInterfaceOrientations_iPhone = "UIInterfaceOrientationPortrait UIInterfaceOrientationLandscapeLeft UIInterfaceOrientationLandscapeRight";
				LD_RUNPATH_SEARCH_PATHS = (
					"$(inherited)",
					"@executable_path/Frameworks",
				);
				MARKETING_VERSION = 1.0;
				PRODUCT_BUNDLE_IDENTIFIER = YanPepik.com.wallpapeApp;
				PRODUCT_NAME = "$(TARGET_NAME)";
				SWIFT_EMIT_LOC_STRINGS = YES;
				SWIFT_VERSION = 5.0;
				TARGETED_DEVICE_FAMILY = "1,2";
			};
			name = Debug;
		};
		D20E485827A938470010C27B /* Release */ = {
			isa = XCBuildConfiguration;
			buildSettings = {
				ASSETCATALOG_COMPILER_APPICON_NAME = AppIcon;
				ASSETCATALOG_COMPILER_GLOBAL_ACCENT_COLOR_NAME = AccentColor;
				CODE_SIGN_STYLE = Automatic;
				CURRENT_PROJECT_VERSION = 1;
				DEVELOPMENT_TEAM = D4535ALUAL;
				GENERATE_INFOPLIST_FILE = YES;
				INFOPLIST_FILE = wallpapeApp/Info.plist;
				INFOPLIST_KEY_CFBundleDisplayName = Wallpaper;
				INFOPLIST_KEY_NSPhotoLibraryAddUsageDescription = "App requeres permission to your photo library";
				INFOPLIST_KEY_NSPhotoLibraryUsageDescription = "App requeres permission to your photo library";
				INFOPLIST_KEY_UIApplicationSupportsIndirectInputEvents = YES;
				INFOPLIST_KEY_UILaunchStoryboardName = LaunchScreen;
				INFOPLIST_KEY_UISupportedInterfaceOrientations_iPad = "UIInterfaceOrientationPortrait UIInterfaceOrientationPortraitUpsideDown UIInterfaceOrientationLandscapeLeft UIInterfaceOrientationLandscapeRight";
				INFOPLIST_KEY_UISupportedInterfaceOrientations_iPhone = "UIInterfaceOrientationPortrait UIInterfaceOrientationLandscapeLeft UIInterfaceOrientationLandscapeRight";
				LD_RUNPATH_SEARCH_PATHS = (
					"$(inherited)",
					"@executable_path/Frameworks",
				);
				MARKETING_VERSION = 1.0;
				PRODUCT_BUNDLE_IDENTIFIER = YanPepik.com.wallpapeApp;
				PRODUCT_NAME = "$(TARGET_NAME)";
				SWIFT_EMIT_LOC_STRINGS = YES;
				SWIFT_VERSION = 5.0;
				TARGETED_DEVICE_FAMILY = "1,2";
			};
			name = Release;
		};
/* End XCBuildConfiguration section */

/* Begin XCConfigurationList section */
		D20E483D27A938460010C27B /* Build configuration list for PBXProject "wallpapeApp" */ = {
			isa = XCConfigurationList;
			buildConfigurations = (
				D20E485427A938470010C27B /* Debug */,
				D20E485527A938470010C27B /* Release */,
			);
			defaultConfigurationIsVisible = 0;
			defaultConfigurationName = Release;
		};
		D20E485627A938470010C27B /* Build configuration list for PBXNativeTarget "wallpapeApp" */ = {
			isa = XCConfigurationList;
			buildConfigurations = (
				D20E485727A938470010C27B /* Debug */,
				D20E485827A938470010C27B /* Release */,
			);
			defaultConfigurationIsVisible = 0;
			defaultConfigurationName = Release;
		};
/* End XCConfigurationList section */

/* Begin XCRemoteSwiftPackageReference section */
		D263891927A94B69009A4993 /* XCRemoteSwiftPackageReference "Kingfisher" */ = {
			isa = XCRemoteSwiftPackageReference;
			repositoryURL = "https://github.com/onevcat/Kingfisher.git";
			requirement = {
				kind = upToNextMajorVersion;
				minimumVersion = 7.0.0;
			};
		};
/* End XCRemoteSwiftPackageReference section */

/* Begin XCSwiftPackageProductDependency section */
		D263891A27A94B69009A4993 /* Kingfisher */ = {
			isa = XCSwiftPackageProductDependency;
			package = D263891927A94B69009A4993 /* XCRemoteSwiftPackageReference "Kingfisher" */;
			productName = Kingfisher;
		};
/* End XCSwiftPackageProductDependency section */
	};
	rootObject = D20E483A27A938460010C27B /* Project object */;
}
